
Microsoft Visual Studio Solution File, Format Version 12.00
# Visual Studio Version 17
VisualStudioVersion = 17.8.34511.84
MinimumVisualStudioVersion = 10.0.40219.1
Project("{9A19103F-16F7-4668-BE54-9A1E7A4F7556}") = "GeometryPainting", "GeometryPainting.csproj", "{EE52CBC3-D6F8-428A-87BD-75D0B3FB1EA7}"
EndProject
Global
	GlobalSection(SolutionConfigurationPlatforms) = preSolution
		Debug|Any CPU = Debug|Any CPU
		Release|Any CPU = Release|Any CPU
	EndGlobalSection
	GlobalSection(ProjectConfigurationPlatforms) = postSolution
		{EE52CBC3-D6F8-428A-87BD-75D0B3FB1EA7}.Debug|Any CPU.ActiveCfg = Debug|Any CPU
		{EE52CBC3-D6F8-428A-87BD-75D0B3FB1EA7}.Debug|Any CPU.Build.0 = Debug|Any CPU
		{EE52CBC3-D6F8-428A-87BD-75D0B3FB1EA7}.Release|Any CPU.ActiveCfg = Release|Any CPU
		{EE52CBC3-D6F8-428A-87BD-75D0B3FB1EA7}.Release|Any CPU.Build.0 = Release|Any CPU
	EndGlobalSection
	GlobalSection(SolutionProperties) = preSolution
		HideSolutionNode = FALSE
	EndGlobalSection
	GlobalSection(ExtensibilityGlobals) = postSolution
		SolutionGuid = {C453A7A9-D3D7-422D-8395-576E81199F53}
	EndGlobalSection
EndGlobal
